<?xml version="1.0" encoding="utf-8"?>
<Project ToolsVersion="4.0" xmlns="http://schemas.microsoft.com/developer/msbuild/2003">
  <ItemGroup>
    <Filter Include="Source Files">
      <UniqueIdentifier>{4FC737F1-C7A5-4376-A066-2A32D752A2FF}</UniqueIdentifier>
      <Extensions>cpp;c;cc;cxx;def;odl;idl;hpj;bat;asm;asmx</Extensions>
    </Filter>
    <Filter Include="Source Files\pong">
      <UniqueIdentifier>{6abbb4cc-21df-46cb-879c-d5797f5e06a2}</UniqueIdentifier>
    </Filter>
    <Filter Include="Header Files">
      <UniqueIdentifier>{13329d92-6254-4e15-b1ce-a5357d5dc5e5}</UniqueIdentifier>
    </Filter>
    <Filter Include="Resource Files">
      <UniqueIdentifier>{456233b0-9554-4e73-ae53-99ccd58daa7b}</UniqueIdentifier>
    </Filter>
  </ItemGroup>
  <ItemGroup>
    <ClInclude Include="ball.h">
      <Filter>Source Files\pong</Filter>
    </ClInclude>
    <ClInclude Include="game.h">
      <Filter>Source Files\pong</Filter>
    </ClInclude>
    <ClInclude Include="globals.h">
      <Filter>Source Files\pong</Filter>
    </ClInclude>
    <ClInclude Include="__vm\.WorldsSmallestArcadeCabinet.vsarduino.h">
      <Filter>Header Files</Filter>
    </ClInclude>
    <ClInclude Include="resource.h" />
    <ClInclude Include="input.h" />
  </ItemGroup>
  <ItemGroup>
    <ClCompile Include="ball.cpp">
      <Filter>Source Files\pong</Filter>
    </ClCompile>
    <ClCompile Include="game.cpp">
      <Filter>Source Files\pong</Filter>
    </ClCompile>
    <ClCompile Include="input.cpp">
      <Filter>Source Files</Filter>
    </ClCompile>
  </ItemGroup>
  <ItemGroup>
    <None Include="WorldsSmallestArcadeCabinet.ino" />
  </ItemGroup>
</Project>